PODS:
  - device_info (0.0.1):
    - Flutter
  - Flutter (1.0.0)
  - pdf_render (0.0.1):
    - Flutter

DEPENDENCIES:
  - device_info (from `.symlinks/plugins/device_info/ios`)
  - Flutter (from `Flutter`)
  - pdf_render (from `.symlinks/plugins/pdf_render/ios`)

EXTERNAL SOURCES:
  device_info:
    :path: ".symlinks/plugins/device_info/ios"
  Flutter:
    :path: Flutter
  pdf_render:
    :path: ".symlinks/plugins/pdf_render/ios"

SPEC CHECKSUMS:
  device_info: d7d233b645a32c40dfdc212de5cf646ca482f175
  Flutter: 434fef37c0980e73bb6479ef766c45957d4b510c
  pdf_render: 0b4e1a615aab83ce88b26c57753049424908a755

PODFILE CHECKSUM: aafe91acc616949ddb318b77800a7f51bffa2a4c

COCOAPODS: 1.10.0
